
Microsoft Visual Studio Solution File, Format Version 12.00
# Visual Studio Version 17
VisualStudioVersion = 17.8.34511.84
MinimumVisualStudioVersion = 10.0.40219.1
Project("{FAE04EC0-301F-11D3-BF4B-00C04F79EFBC}") = "sorting_algo", "sorting_algo.csproj", "{A8A11075-C81E-4924-968D-47A32BBC3444}"
EndProject
Global
	GlobalSection(SolutionConfigurationPlatforms) = preSolution
		Debug|Any CPU = Debug|Any CPU
		Release|Any CPU = Release|Any CPU
	EndGlobalSection
	GlobalSection(ProjectConfigurationPlatforms) = postSolution
		{A8A11075-C81E-4924-968D-47A32BBC3444}.Debug|Any CPU.ActiveCfg = Debug|Any CPU
		{A8A11075-C81E-4924-968D-47A32BBC3444}.Debug|Any CPU.Build.0 = Debug|Any CPU
		{A8A11075-C81E-4924-968D-47A32BBC3444}.Release|Any CPU.ActiveCfg = Release|Any CPU
		{A8A11075-C81E-4924-968D-47A32BBC3444}.Release|Any CPU.Build.0 = Release|Any CPU
	EndGlobalSection
	GlobalSection(SolutionProperties) = preSolution
		HideSolutionNode = FALSE
	EndGlobalSection
	GlobalSection(ExtensibilityGlobals) = postSolution
		SolutionGuid = {300E180E-92D0-4CEC-88A5-934D428DEAC6}
	EndGlobalSection
EndGlobal
